
Microsoft Visual Studio Solution File, Format Version 12.00
# Visual Studio Version 17
VisualStudioVersion = 17.8.34330.188
MinimumVisualStudioVersion = 10.0.40219.1
Project("{FAE04EC0-301F-11D3-BF4B-00C04F79EFBC}") = "RegexSolver", "RegexSolver.csproj", "{D8F16F27-013C-48AB-80F9-5403F5E001A5}"
EndProject
Global
	GlobalSection(SolutionConfigurationPlatforms) = preSolution
		Debug|Any CPU = Debug|Any CPU
		Release|Any CPU = Release|Any CPU
	EndGlobalSection
	GlobalSection(ProjectConfigurationPlatforms) = postSolution
		{D8F16F27-013C-48AB-80F9-5403F5E001A5}.Debug|Any CPU.ActiveCfg = Debug|Any CPU
		{D8F16F27-013C-48AB-80F9-5403F5E001A5}.Debug|Any CPU.Build.0 = Debug|Any CPU
		{D8F16F27-013C-48AB-80F9-5403F5E001A5}.Release|Any CPU.ActiveCfg = Release|Any CPU
		{D8F16F27-013C-48AB-80F9-5403F5E001A5}.Release|Any CPU.Build.0 = Release|Any CPU
	EndGlobalSection
	GlobalSection(SolutionProperties) = preSolution
		HideSolutionNode = FALSE
	EndGlobalSection
	GlobalSection(ExtensibilityGlobals) = postSolution
		SolutionGuid = {1B64FF41-DDF6-4872-8B4B-2D48EC552A2E}
	EndGlobalSection
EndGlobal
